
Microsoft Visual Studio Solution File, Format Version 12.00
# Visual Studio Version 17
VisualStudioVersion = 17.4.33205.214
MinimumVisualStudioVersion = 10.0.40219.1
Project("{FAE04EC0-301F-11D3-BF4B-00C04F79EFBC}") = "WebAPIAutores", "WebAPIAutores\WebAPIAutores.csproj", "{50F42358-2670-43DA-A0B1-988F0BC47A28}"
EndProject
Global
	GlobalSection(SolutionConfigurationPlatforms) = preSolution
		Debug|Any CPU = Debug|Any CPU
		Release|Any CPU = Release|Any CPU
	EndGlobalSection
	GlobalSection(ProjectConfigurationPlatforms) = postSolution
		{50F42358-2670-43DA-A0B1-988F0BC47A28}.Debug|Any CPU.ActiveCfg = Debug|Any CPU
		{50F42358-2670-43DA-A0B1-988F0BC47A28}.Debug|Any CPU.Build.0 = Debug|Any CPU
		{50F42358-2670-43DA-A0B1-988F0BC47A28}.Release|Any CPU.ActiveCfg = Release|Any CPU
		{50F42358-2670-43DA-A0B1-988F0BC47A28}.Release|Any CPU.Build.0 = Release|Any CPU
	EndGlobalSection
	GlobalSection(SolutionProperties) = preSolution
		HideSolutionNode = FALSE
	EndGlobalSection
	GlobalSection(ExtensibilityGlobals) = postSolution
		SolutionGuid = {A4C371EC-277C-4330-A563-FA76F42A591F}
	EndGlobalSection
EndGlobal
